
Microsoft Visual Studio Solution File, Format Version 12.00
# Visual Studio Version 16
VisualStudioVersion = 16.0.31911.196
MinimumVisualStudioVersion = 10.0.40219.1
Project("{2150E333-8FDC-42A3-9474-1A3956D46DE8}") = "Services", "Services", "{FF689411-6967-4B54-869A-2DDC9E3B7360}"
EndProject
Project("{2150E333-8FDC-42A3-9474-1A3956D46DE8}") = "Catalog", "Catalog", "{3109F8BD-ABD2-4AF5-9643-B4A1E83E82CB}"
EndProject
Project("{9A19103F-16F7-4668-BE54-9A1E7A4F7556}") = "Catalog.API", "Services\Catalog\Catalog.API\Catalog.API.csproj", "{8B8B757B-B237-40A5-8D95-94D0779231CF}"
EndProject
Project("{E53339B2-1760-4266-BCC7-CA923CBCF16C}") = "docker-compose", "docker-compose.dcproj", "{80BD8C43-685B-4516-8D25-2DE72DC991BF}"
EndProject
Project("{2150E333-8FDC-42A3-9474-1A3956D46DE8}") = "ShoppingCart", "ShoppingCart", "{152FECF5-8898-4837-A589-3DC80DD4DACC}"
EndProject
Project("{FAE04EC0-301F-11D3-BF4B-00C04F79EFBC}") = "ShoppingCart.API", "Services\ShoppingCart\ShoppingCart.API\ShoppingCart.API.csproj", "{DB79D873-D351-4CDD-97B2-21606DB201E6}"
EndProject
Global
	GlobalSection(SolutionConfigurationPlatforms) = preSolution
		Debug|Any CPU = Debug|Any CPU
		Release|Any CPU = Release|Any CPU
	EndGlobalSection
	GlobalSection(ProjectConfigurationPlatforms) = postSolution
		{8B8B757B-B237-40A5-8D95-94D0779231CF}.Debug|Any CPU.ActiveCfg = Debug|Any CPU
		{8B8B757B-B237-40A5-8D95-94D0779231CF}.Debug|Any CPU.Build.0 = Debug|Any CPU
		{8B8B757B-B237-40A5-8D95-94D0779231CF}.Release|Any CPU.ActiveCfg = Release|Any CPU
		{8B8B757B-B237-40A5-8D95-94D0779231CF}.Release|Any CPU.Build.0 = Release|Any CPU
		{80BD8C43-685B-4516-8D25-2DE72DC991BF}.Debug|Any CPU.ActiveCfg = Debug|Any CPU
		{80BD8C43-685B-4516-8D25-2DE72DC991BF}.Debug|Any CPU.Build.0 = Debug|Any CPU
		{80BD8C43-685B-4516-8D25-2DE72DC991BF}.Release|Any CPU.ActiveCfg = Release|Any CPU
		{80BD8C43-685B-4516-8D25-2DE72DC991BF}.Release|Any CPU.Build.0 = Release|Any CPU
		{DB79D873-D351-4CDD-97B2-21606DB201E6}.Debug|Any CPU.ActiveCfg = Debug|Any CPU
		{DB79D873-D351-4CDD-97B2-21606DB201E6}.Debug|Any CPU.Build.0 = Debug|Any CPU
		{DB79D873-D351-4CDD-97B2-21606DB201E6}.Release|Any CPU.ActiveCfg = Release|Any CPU
		{DB79D873-D351-4CDD-97B2-21606DB201E6}.Release|Any CPU.Build.0 = Release|Any CPU
	EndGlobalSection
	GlobalSection(SolutionProperties) = preSolution
		HideSolutionNode = FALSE
	EndGlobalSection
	GlobalSection(NestedProjects) = preSolution
		{3109F8BD-ABD2-4AF5-9643-B4A1E83E82CB} = {FF689411-6967-4B54-869A-2DDC9E3B7360}
		{8B8B757B-B237-40A5-8D95-94D0779231CF} = {3109F8BD-ABD2-4AF5-9643-B4A1E83E82CB}
		{152FECF5-8898-4837-A589-3DC80DD4DACC} = {FF689411-6967-4B54-869A-2DDC9E3B7360}
		{DB79D873-D351-4CDD-97B2-21606DB201E6} = {152FECF5-8898-4837-A589-3DC80DD4DACC}
	EndGlobalSection
	GlobalSection(ExtensibilityGlobals) = postSolution
		SolutionGuid = {35243256-D082-483F-9454-B0D97D0EA62B}
	EndGlobalSection
EndGlobal
