
Microsoft Visual Studio Solution File, Format Version 12.00
# Visual Studio Version 17
VisualStudioVersion = 17.1.31911.260
MinimumVisualStudioVersion = 10.0.40219.1
Project("{2150E333-8FDC-42A3-9474-1A3956D46DE8}") = "Services", "Services", "{FF689411-6967-4B54-869A-2DDC9E3B7360}"
EndProject
Project("{2150E333-8FDC-42A3-9474-1A3956D46DE8}") = "Catalog", "Catalog", "{3109F8BD-ABD2-4AF5-9643-B4A1E83E82CB}"
	ProjectSection(SolutionItems) = preProject
		.editorconfig = .editorconfig
	EndProjectSection
EndProject
Project("{9A19103F-16F7-4668-BE54-9A1E7A4F7556}") = "Catalog.API", "Services\Catalog\Catalog.API\Catalog.API.csproj", "{8B8B757B-B237-40A5-8D95-94D0779231CF}"
EndProject
Project("{E53339B2-1760-4266-BCC7-CA923CBCF16C}") = "docker-compose", "docker-compose.dcproj", "{80BD8C43-685B-4516-8D25-2DE72DC991BF}"
EndProject
Project("{2150E333-8FDC-42A3-9474-1A3956D46DE8}") = "ShoppingCart", "ShoppingCart", "{152FECF5-8898-4837-A589-3DC80DD4DACC}"
EndProject
Project("{9A19103F-16F7-4668-BE54-9A1E7A4F7556}") = "ShoppingCart.API", "Services\ShoppingCart\ShoppingCart.API\ShoppingCart.API.csproj", "{DB79D873-D351-4CDD-97B2-21606DB201E6}"
EndProject
Project("{2150E333-8FDC-42A3-9474-1A3956D46DE8}") = "Discount", "Discount", "{F54C04AE-BA95-43CF-B849-E320DDA5FA8B}"
EndProject
Project("{9A19103F-16F7-4668-BE54-9A1E7A4F7556}") = "Discount.API", "Services\Discount\Discount.API\Discount.API.csproj", "{A856B73C-4169-4E22-A89D-7E4718BC7614}"
EndProject
Project("{9A19103F-16F7-4668-BE54-9A1E7A4F7556}") = "Discount.Grpc", "Services\Discount\Discount.Grpc\Discount.Grpc.csproj", "{3851C8D9-8F07-45A6-A598-236A565932BC}"
EndProject
Project("{2150E333-8FDC-42A3-9474-1A3956D46DE8}") = "Ordering", "Ordering", "{34BA6160-8D2E-4709-B936-49EBB058B6A7}"
EndProject
Project("{FAE04EC0-301F-11D3-BF4B-00C04F79EFBC}") = "Ordering.API", "Services\Ordering\Ordering.API\Ordering.API.csproj", "{A98117D0-9E3E-4D97-B037-551C8751A742}"
EndProject
Project("{FAE04EC0-301F-11D3-BF4B-00C04F79EFBC}") = "Ordering.Domain", "Services\Ordering\Ordering.Domain\Ordering.Domain.csproj", "{A70A4CDB-BC89-4842-829E-AFAF61077B4F}"
EndProject
Project("{FAE04EC0-301F-11D3-BF4B-00C04F79EFBC}") = "Ordering.Application", "Services\Ordering\Ordering.Application\Ordering.Application.csproj", "{37E598A9-B54F-404E-93FC-DF35B903B32B}"
EndProject
Project("{FAE04EC0-301F-11D3-BF4B-00C04F79EFBC}") = "Ordering.Infrastructure", "Services\Ordering\Ordering.Infrastructure\Ordering.Infrastructure.csproj", "{1561E670-5869-44C0-AF50-758906FE991D}"
EndProject
Global
	GlobalSection(SolutionConfigurationPlatforms) = preSolution
		Debug|Any CPU = Debug|Any CPU
		Release|Any CPU = Release|Any CPU
	EndGlobalSection
	GlobalSection(ProjectConfigurationPlatforms) = postSolution
		{8B8B757B-B237-40A5-8D95-94D0779231CF}.Debug|Any CPU.ActiveCfg = Debug|Any CPU
		{8B8B757B-B237-40A5-8D95-94D0779231CF}.Debug|Any CPU.Build.0 = Debug|Any CPU
		{8B8B757B-B237-40A5-8D95-94D0779231CF}.Release|Any CPU.ActiveCfg = Release|Any CPU
		{8B8B757B-B237-40A5-8D95-94D0779231CF}.Release|Any CPU.Build.0 = Release|Any CPU
		{80BD8C43-685B-4516-8D25-2DE72DC991BF}.Debug|Any CPU.ActiveCfg = Debug|Any CPU
		{80BD8C43-685B-4516-8D25-2DE72DC991BF}.Debug|Any CPU.Build.0 = Debug|Any CPU
		{80BD8C43-685B-4516-8D25-2DE72DC991BF}.Release|Any CPU.ActiveCfg = Release|Any CPU
		{80BD8C43-685B-4516-8D25-2DE72DC991BF}.Release|Any CPU.Build.0 = Release|Any CPU
		{DB79D873-D351-4CDD-97B2-21606DB201E6}.Debug|Any CPU.ActiveCfg = Debug|Any CPU
		{DB79D873-D351-4CDD-97B2-21606DB201E6}.Debug|Any CPU.Build.0 = Debug|Any CPU
		{DB79D873-D351-4CDD-97B2-21606DB201E6}.Release|Any CPU.ActiveCfg = Release|Any CPU
		{DB79D873-D351-4CDD-97B2-21606DB201E6}.Release|Any CPU.Build.0 = Release|Any CPU
		{A856B73C-4169-4E22-A89D-7E4718BC7614}.Debug|Any CPU.ActiveCfg = Debug|Any CPU
		{A856B73C-4169-4E22-A89D-7E4718BC7614}.Debug|Any CPU.Build.0 = Debug|Any CPU
		{A856B73C-4169-4E22-A89D-7E4718BC7614}.Release|Any CPU.ActiveCfg = Release|Any CPU
		{A856B73C-4169-4E22-A89D-7E4718BC7614}.Release|Any CPU.Build.0 = Release|Any CPU
		{3851C8D9-8F07-45A6-A598-236A565932BC}.Debug|Any CPU.ActiveCfg = Debug|Any CPU
		{3851C8D9-8F07-45A6-A598-236A565932BC}.Debug|Any CPU.Build.0 = Debug|Any CPU
		{3851C8D9-8F07-45A6-A598-236A565932BC}.Release|Any CPU.ActiveCfg = Release|Any CPU
		{3851C8D9-8F07-45A6-A598-236A565932BC}.Release|Any CPU.Build.0 = Release|Any CPU
		{A98117D0-9E3E-4D97-B037-551C8751A742}.Debug|Any CPU.ActiveCfg = Debug|Any CPU
		{A98117D0-9E3E-4D97-B037-551C8751A742}.Debug|Any CPU.Build.0 = Debug|Any CPU
		{A98117D0-9E3E-4D97-B037-551C8751A742}.Release|Any CPU.ActiveCfg = Release|Any CPU
		{A98117D0-9E3E-4D97-B037-551C8751A742}.Release|Any CPU.Build.0 = Release|Any CPU
		{A70A4CDB-BC89-4842-829E-AFAF61077B4F}.Debug|Any CPU.ActiveCfg = Debug|Any CPU
		{A70A4CDB-BC89-4842-829E-AFAF61077B4F}.Debug|Any CPU.Build.0 = Debug|Any CPU
		{A70A4CDB-BC89-4842-829E-AFAF61077B4F}.Release|Any CPU.ActiveCfg = Release|Any CPU
		{A70A4CDB-BC89-4842-829E-AFAF61077B4F}.Release|Any CPU.Build.0 = Release|Any CPU
		{37E598A9-B54F-404E-93FC-DF35B903B32B}.Debug|Any CPU.ActiveCfg = Debug|Any CPU
		{37E598A9-B54F-404E-93FC-DF35B903B32B}.Debug|Any CPU.Build.0 = Debug|Any CPU
		{37E598A9-B54F-404E-93FC-DF35B903B32B}.Release|Any CPU.ActiveCfg = Release|Any CPU
		{37E598A9-B54F-404E-93FC-DF35B903B32B}.Release|Any CPU.Build.0 = Release|Any CPU
		{1561E670-5869-44C0-AF50-758906FE991D}.Debug|Any CPU.ActiveCfg = Debug|Any CPU
		{1561E670-5869-44C0-AF50-758906FE991D}.Debug|Any CPU.Build.0 = Debug|Any CPU
		{1561E670-5869-44C0-AF50-758906FE991D}.Release|Any CPU.ActiveCfg = Release|Any CPU
		{1561E670-5869-44C0-AF50-758906FE991D}.Release|Any CPU.Build.0 = Release|Any CPU
	EndGlobalSection
	GlobalSection(SolutionProperties) = preSolution
		HideSolutionNode = FALSE
	EndGlobalSection
	GlobalSection(NestedProjects) = preSolution
		{3109F8BD-ABD2-4AF5-9643-B4A1E83E82CB} = {FF689411-6967-4B54-869A-2DDC9E3B7360}
		{8B8B757B-B237-40A5-8D95-94D0779231CF} = {3109F8BD-ABD2-4AF5-9643-B4A1E83E82CB}
		{152FECF5-8898-4837-A589-3DC80DD4DACC} = {FF689411-6967-4B54-869A-2DDC9E3B7360}
		{DB79D873-D351-4CDD-97B2-21606DB201E6} = {152FECF5-8898-4837-A589-3DC80DD4DACC}
		{F54C04AE-BA95-43CF-B849-E320DDA5FA8B} = {FF689411-6967-4B54-869A-2DDC9E3B7360}
		{A856B73C-4169-4E22-A89D-7E4718BC7614} = {F54C04AE-BA95-43CF-B849-E320DDA5FA8B}
		{3851C8D9-8F07-45A6-A598-236A565932BC} = {F54C04AE-BA95-43CF-B849-E320DDA5FA8B}
		{34BA6160-8D2E-4709-B936-49EBB058B6A7} = {FF689411-6967-4B54-869A-2DDC9E3B7360}
		{A98117D0-9E3E-4D97-B037-551C8751A742} = {34BA6160-8D2E-4709-B936-49EBB058B6A7}
		{A70A4CDB-BC89-4842-829E-AFAF61077B4F} = {34BA6160-8D2E-4709-B936-49EBB058B6A7}
		{37E598A9-B54F-404E-93FC-DF35B903B32B} = {34BA6160-8D2E-4709-B936-49EBB058B6A7}
		{1561E670-5869-44C0-AF50-758906FE991D} = {34BA6160-8D2E-4709-B936-49EBB058B6A7}
	EndGlobalSection
	GlobalSection(ExtensibilityGlobals) = postSolution
		SolutionGuid = {35243256-D082-483F-9454-B0D97D0EA62B}
	EndGlobalSection
EndGlobal
